github.com/exploded/riseset v1.0.0 h1:qdXzKgiEieF8hJSvmONRYcX4QalBMkFnUf1xuW6YIxM=
github.com/exploded/riseset v1.0.0/go.mod h1:VjRq5iJAosiDcmN6cIemg4Koh/g/MirLmI9djQoiuYs=
github.com/exploded/riseset v1.0.1-0.20260220080739-24891d86367a h1:9zXloV9qOl/7d9DUghsbK2l0w1xM0ebmEjMWk8KCS4Y=
github.com/exploded/riseset v1.0.1-0.20260220080739-24891d86367a/go.mod h1:iSOrtnvmvgDPXhfjH+isdiLP0aTLSlIExl2z6Tulizg=
